PODS:
  - AFNetworking (3.2.1):
    - AFNetworking/NSURLSession (= 3.2.1)
    - AFNetworking/Reachability (= 3.2.1)
    - AFNetworking/Security (= 3.2.1)
    - AFNetworking/Serialization (= 3.2.1)
    - AFNetworking/UIKit (= 3.2.1)
  - AFNetworking/NSURLSession (3.2.1):
    - AFNetworking/Reachability
    - AFNetworking/Security
    - AFNetworking/Serialization
  - AFNetworking/Reachability (3.2.1)
  - AFNetworking/Security (3.2.1)
  - AFNetworking/Serialization (3.2.1)
  - AFNetworking/UIKit (3.2.1):
    - AFNetworking/NSURLSession
  - CTMediator (25)
  - LvHttpManager (0.1.0):
    - AFNetworking
    - CTMediator

DEPENDENCIES:
  - LvHttpManager (from `../`)

SPEC REPOS:
  https://github.com/CocoaPods/Specs.git:
    - AFNetworking
    - CTMediator

EXTERNAL SOURCES:
  LvHttpManager:
    :path: "../"

SPEC CHECKSUMS:
  AFNetworking: b6f891fdfaed196b46c7a83cf209e09697b94057
  CTMediator: 830c1fc204b3a6abf2a059510c7380f56343da0f
  LvHttpManager: e42270c7343256547ea03f1f5b73c5fad02bb2f5

PODFILE CHECKSUM: 982f89dca211cf4df17edc612878e54f7f9fc13a

COCOAPODS: 1.9.1
